
Microsoft Visual Studio Solution File, Format Version 12.00
# Visual Studio Version 17
VisualStudioVersion = 17.10.35013.160
MinimumVisualStudioVersion = 10.0.40219.1
Project("{FAE04EC0-301F-11D3-BF4B-00C04F79EFBC}") = "ShoaaFileViewer", "ShoaaFileViewer.csproj", "{CE08C307-3188-40EF-94D6-06EAF01B721E}"
EndProject
Global
	GlobalSection(SolutionConfigurationPlatforms) = preSolution
		Debug|Any CPU = Debug|Any CPU
		Release|Any CPU = Release|Any CPU
	EndGlobalSection
	GlobalSection(ProjectConfigurationPlatforms) = postSolution
		{CE08C307-3188-40EF-94D6-06EAF01B721E}.Debug|Any CPU.ActiveCfg = Debug|Any CPU
		{CE08C307-3188-40EF-94D6-06EAF01B721E}.Debug|Any CPU.Build.0 = Debug|Any CPU
		{CE08C307-3188-40EF-94D6-06EAF01B721E}.Release|Any CPU.ActiveCfg = Release|Any CPU
		{CE08C307-3188-40EF-94D6-06EAF01B721E}.Release|Any CPU.Build.0 = Release|Any CPU
	EndGlobalSection
	GlobalSection(SolutionProperties) = preSolution
		HideSolutionNode = FALSE
	EndGlobalSection
	GlobalSection(ExtensibilityGlobals) = postSolution
		SolutionGuid = {FA9A36FE-675E-4F9F-8539-A9A1CE924DD5}
	EndGlobalSection
EndGlobal
